
Microsoft Visual Studio Solution File, Format Version 12.00
# Visual Studio Version 16
VisualStudioVersion = 16.0.30804.86
MinimumVisualStudioVersion = 10.0.40219.1
Project("{9A19103F-16F7-4668-BE54-9A1E7A4F7556}") = "BuilderReturnsFunc", "BuilderReturnsFunc.csproj", "{36FFB45B-002E-45FA-806F-E9F151A63A5F}"
EndProject
Global
	GlobalSection(SolutionConfigurationPlatforms) = preSolution
		Debug|Any CPU = Debug|Any CPU
		Release|Any CPU = Release|Any CPU
	EndGlobalSection
	GlobalSection(ProjectConfigurationPlatforms) = postSolution
		{36FFB45B-002E-45FA-806F-E9F151A63A5F}.Debug|Any CPU.ActiveCfg = Debug|Any CPU
		{36FFB45B-002E-45FA-806F-E9F151A63A5F}.Debug|Any CPU.Build.0 = Debug|Any CPU
		{36FFB45B-002E-45FA-806F-E9F151A63A5F}.Release|Any CPU.ActiveCfg = Release|Any CPU
		{36FFB45B-002E-45FA-806F-E9F151A63A5F}.Release|Any CPU.Build.0 = Release|Any CPU
	EndGlobalSection
	GlobalSection(SolutionProperties) = preSolution
		HideSolutionNode = FALSE
	EndGlobalSection
	GlobalSection(ExtensibilityGlobals) = postSolution
		SolutionGuid = {3B40F080-9830-4888-8BC6-91E0CC5A5C49}
	EndGlobalSection
EndGlobal
